
Microsoft Visual Studio Solution File, Format Version 12.00
# Visual Studio Version 16
VisualStudioVersion = 16.0.30804.86
MinimumVisualStudioVersion = 10.0.40219.1
Project("{FAE04EC0-301F-11D3-BF4B-00C04F79EFBC}") = "YouTubeAutomation", "YouTubeAutomation\YouTubeAutomation.csproj", "{C7939B4A-5953-43D7-AA9D-E71DA366FBE1}"
EndProject
Global
	GlobalSection(SolutionConfigurationPlatforms) = preSolution
		Debug|Any CPU = Debug|Any CPU
		Release|Any CPU = Release|Any CPU
	EndGlobalSection
	GlobalSection(ProjectConfigurationPlatforms) = postSolution
		{C7939B4A-5953-43D7-AA9D-E71DA366FBE1}.Debug|Any CPU.ActiveCfg = Debug|Any CPU
		{C7939B4A-5953-43D7-AA9D-E71DA366FBE1}.Debug|Any CPU.Build.0 = Debug|Any CPU
		{C7939B4A-5953-43D7-AA9D-E71DA366FBE1}.Release|Any CPU.ActiveCfg = Release|Any CPU
		{C7939B4A-5953-43D7-AA9D-E71DA366FBE1}.Release|Any CPU.Build.0 = Release|Any CPU
	EndGlobalSection
	GlobalSection(SolutionProperties) = preSolution
		HideSolutionNode = FALSE
	EndGlobalSection
	GlobalSection(ExtensibilityGlobals) = postSolution
		SolutionGuid = {7064AE12-B74F-4DA0-A56F-C0067A1FFB74}
	EndGlobalSection
EndGlobal
